
Microsoft Visual Studio Solution File, Format Version 12.00
# Visual Studio Version 16
VisualStudioVersion = 16.0.30114.105
MinimumVisualStudioVersion = 10.0.40219.1
Project("{2150E333-8FDC-42A3-9474-1A3956D46DE8}") = "Testen", "Testen", "{13D61F2B-588F-4B20-8F8E-670484A91324}"
EndProject
Project("{FAE04EC0-301F-11D3-BF4B-00C04F79EFBC}") = "wdpr.Tests", "Testen\wdpr.Tests\wdpr.Tests.csproj", "{B6B65606-0BC1-4E68-B7E1-47D5CF932EB2}"
EndProject
Project("{FAE04EC0-301F-11D3-BF4B-00C04F79EFBC}") = "wdpr", "wdpr.csproj", "{98F0517C-23AC-4222-B612-D80148F8B5F3}"
EndProject
Global
	GlobalSection(SolutionConfigurationPlatforms) = preSolution
		Debug|Any CPU = Debug|Any CPU
		Debug|x64 = Debug|x64
		Debug|x86 = Debug|x86
		Release|Any CPU = Release|Any CPU
		Release|x64 = Release|x64
		Release|x86 = Release|x86
	EndGlobalSection
	GlobalSection(SolutionProperties) = preSolution
		HideSolutionNode = FALSE
	EndGlobalSection
	GlobalSection(ProjectConfigurationPlatforms) = postSolution
		{B6B65606-0BC1-4E68-B7E1-47D5CF932EB2}.Debug|Any CPU.ActiveCfg = Debug|Any CPU
		{B6B65606-0BC1-4E68-B7E1-47D5CF932EB2}.Debug|Any CPU.Build.0 = Debug|Any CPU
		{B6B65606-0BC1-4E68-B7E1-47D5CF932EB2}.Debug|x64.ActiveCfg = Debug|Any CPU
		{B6B65606-0BC1-4E68-B7E1-47D5CF932EB2}.Debug|x64.Build.0 = Debug|Any CPU
		{B6B65606-0BC1-4E68-B7E1-47D5CF932EB2}.Debug|x86.ActiveCfg = Debug|Any CPU
		{B6B65606-0BC1-4E68-B7E1-47D5CF932EB2}.Debug|x86.Build.0 = Debug|Any CPU
		{B6B65606-0BC1-4E68-B7E1-47D5CF932EB2}.Release|Any CPU.ActiveCfg = Release|Any CPU
		{B6B65606-0BC1-4E68-B7E1-47D5CF932EB2}.Release|Any CPU.Build.0 = Release|Any CPU
		{B6B65606-0BC1-4E68-B7E1-47D5CF932EB2}.Release|x64.ActiveCfg = Release|Any CPU
		{B6B65606-0BC1-4E68-B7E1-47D5CF932EB2}.Release|x64.Build.0 = Release|Any CPU
		{B6B65606-0BC1-4E68-B7E1-47D5CF932EB2}.Release|x86.ActiveCfg = Release|Any CPU
		{B6B65606-0BC1-4E68-B7E1-47D5CF932EB2}.Release|x86.Build.0 = Release|Any CPU
		{98F0517C-23AC-4222-B612-D80148F8B5F3}.Debug|Any CPU.ActiveCfg = Debug|Any CPU
		{98F0517C-23AC-4222-B612-D80148F8B5F3}.Debug|Any CPU.Build.0 = Debug|Any CPU
		{98F0517C-23AC-4222-B612-D80148F8B5F3}.Debug|x64.ActiveCfg = Debug|Any CPU
		{98F0517C-23AC-4222-B612-D80148F8B5F3}.Debug|x64.Build.0 = Debug|Any CPU
		{98F0517C-23AC-4222-B612-D80148F8B5F3}.Debug|x86.ActiveCfg = Debug|Any CPU
		{98F0517C-23AC-4222-B612-D80148F8B5F3}.Debug|x86.Build.0 = Debug|Any CPU
		{98F0517C-23AC-4222-B612-D80148F8B5F3}.Release|Any CPU.ActiveCfg = Release|Any CPU
		{98F0517C-23AC-4222-B612-D80148F8B5F3}.Release|Any CPU.Build.0 = Release|Any CPU
		{98F0517C-23AC-4222-B612-D80148F8B5F3}.Release|x64.ActiveCfg = Release|Any CPU
		{98F0517C-23AC-4222-B612-D80148F8B5F3}.Release|x64.Build.0 = Release|Any CPU
		{98F0517C-23AC-4222-B612-D80148F8B5F3}.Release|x86.ActiveCfg = Release|Any CPU
		{98F0517C-23AC-4222-B612-D80148F8B5F3}.Release|x86.Build.0 = Release|Any CPU
	EndGlobalSection
	GlobalSection(NestedProjects) = preSolution
		{B6B65606-0BC1-4E68-B7E1-47D5CF932EB2} = {13D61F2B-588F-4B20-8F8E-670484A91324}
	EndGlobalSection
EndGlobal
